# THIS IS AN AUTOGENERATED FILE. DO NOT EDIT THIS FILE DIRECTLY.
# yarn lockfile v1
"@types/lodash@^4.14.37":
  version "4.14.37"
  resolved "https://registry.yarnpkg.com/@types/lodash/-/lodash-4.14.37.tgz#9a2169db336c87dc289c8d0aec2e5aa707feba2b"

"@types/node-forge":
  version "0.6.4"
  resolved "https://registry.yarnpkg.com/@types/node-forge/-/node-forge-0.6.4.tgz#ef5c05c1cfd5a32e5e49409e8c5ae7fe0beccbc1"

"@types/node-uuid@0.0.28":
  version "0.0.28"
  resolved "https://registry.yarnpkg.com/@types/node-uuid/-/node-uuid-0.0.28.tgz#41655b5ce63b2f3374c4e826b4dd21e729058e3d"
  dependencies:
    "@types/node" "*"

"@types/node@*", "@types/node@^6.0.45":
  version "6.0.45"
  resolved "https://registry.yarnpkg.com/@types/node/-/node-6.0.45.tgz#c4842a9d653d767831e4ff495b6008cc0d579966"

"@types/xmldom":
  version "0.1.28"
  resolved "https://registry.yarnpkg.com/@types/xmldom/-/xmldom-0.1.28.tgz#52fabbeccc4f1806365d253b6c7b9673dda0f514"

asn1@0.2.3:
  version "0.2.3"
  resolved "https://registry.yarnpkg.com/asn1/-/asn1-0.2.3.tgz#dac8787713c9966849fc8180777ebe9c1ddf3b86"

async@~0.2.7:
  version "0.2.10"
  resolved "https://registry.yarnpkg.com/async/-/async-0.2.10.tgz#b6bbe0b0674b9d719708ca38de8c237cb526c3d1"

commander@0.6.1:
  version "0.6.1"
  resolved "https://registry.yarnpkg.com/commander/-/commander-0.6.1.tgz#fa68a14f6a945d54dbbe50d8cdb3320e9e3b1a06"

commander@2.3.0:
  version "2.3.0"
  resolved "https://registry.yarnpkg.com/commander/-/commander-2.3.0.tgz#fd430e889832ec353b9acd1de217c11cb3eef873"

debug@2.2.0:
  version "2.2.0"
  resolved "https://registry.yarnpkg.com/debug/-/debug-2.2.0.tgz#f87057e995b1a1f6ae6a4960664137bc56f039da"
  dependencies:
    ms "0.7.1"

deflate-js@^0.2.3:
  version "0.2.3"
  resolved "https://registry.yarnpkg.com/deflate-js/-/deflate-js-0.2.3.tgz#f85abb58ebc5151a306147473d57c3e4f7e4426b"

diff@1.4.0:
  version "1.4.0"
  resolved "https://registry.yarnpkg.com/diff/-/diff-1.4.0.tgz#7f28d2eb9ee7b15a97efd89ce63dcfdaa3ccbabf"

ejs@~0.8.3:
  version "0.8.8"
  resolved "https://registry.yarnpkg.com/ejs/-/ejs-0.8.8.tgz#ffdc56dcc35d02926dd50ad13439bbc54061d598"

escape-string-regexp@1.0.2:
  version "1.0.2"
  resolved "https://registry.yarnpkg.com/escape-string-regexp/-/escape-string-regexp-1.0.2.tgz#4dbc2fe674e71949caf3fb2695ce7f2dc1d9a8d1"

glob@3.2.11:
  version "3.2.11"
  resolved "https://registry.yarnpkg.com/glob/-/glob-3.2.11.tgz#4a973f635b9190f715d10987d5c00fd2815ebe3d"
  dependencies:
    inherits "2"
    minimatch "0.3"

growl@1.9.2:
  version "1.9.2"
  resolved "https://registry.yarnpkg.com/growl/-/growl-1.9.2.tgz#0ea7743715db8d8de2c5ede1775e1b45ac85c02f"

inherits@2:
  version "2.0.3"
  resolved "https://registry.yarnpkg.com/inherits/-/inherits-2.0.3.tgz#633c2c83e3da42a502f52466022480f4208261de"

jade@0.26.3:
  version "0.26.3"
  resolved "https://registry.yarnpkg.com/jade/-/jade-0.26.3.tgz#8f10d7977d8d79f2f6ff862a81b0513ccb25686c"
  dependencies:
    commander "0.6.1"
    mkdirp "0.3.0"

lodash@^3.10.0:
  version "3.10.1"
  resolved "https://registry.yarnpkg.com/lodash/-/lodash-3.10.1.tgz#5bf45e8e49ba4189e17d482789dfd15bd140b7b6"

lodash@3.3.0:
  version "3.3.0"
  resolved "https://registry.yarnpkg.com/lodash/-/lodash-3.3.0.tgz#011ce52d01b14e60eaeea76acb9b8ba42c70581b"

lru-cache@2:
  version "2.7.3"
  resolved "https://registry.yarnpkg.com/lru-cache/-/lru-cache-2.7.3.tgz#6d4524e8b955f95d4f5b58851ce21dd72fb4e952"

minimatch@0.3:
  version "0.3.0"
  resolved "https://registry.yarnpkg.com/minimatch/-/minimatch-0.3.0.tgz#275d8edaac4f1bb3326472089e7949c8394699dd"
  dependencies:
    lru-cache "2"
    sigmund "~1.0.0"

minimist@0.0.8:
  version "0.0.8"
  resolved "https://registry.yarnpkg.com/minimist/-/minimist-0.0.8.tgz#857fcabfc3397d2625b8228262e86aa7a011b05d"

mkdirp@0.3.0:
  version "0.3.0"
  resolved "https://registry.yarnpkg.com/mkdirp/-/mkdirp-0.3.0.tgz#1bbf5ab1ba827af23575143490426455f481fe1e"

mkdirp@0.5.1:
  version "0.5.1"
  resolved "https://registry.yarnpkg.com/mkdirp/-/mkdirp-0.5.1.tgz#30057438eac6cf7f8c4767f38648d6697d75c903"
  dependencies:
    minimist "0.0.8"

mocha@^2.2.5:
  version "2.5.3"
  resolved "https://registry.yarnpkg.com/mocha/-/mocha-2.5.3.tgz#161be5bdeb496771eb9b35745050b622b5aefc58"
  dependencies:
    commander "2.3.0"
    debug "2.2.0"
    diff "1.4.0"
    escape-string-regexp "1.0.2"
    glob "3.2.11"
    growl "1.9.2"
    jade "0.26.3"
    mkdirp "0.5.1"
    supports-color "1.2.0"
    to-iso-string "0.0.2"

ms@0.7.1:
  version "0.7.1"
  resolved "https://registry.yarnpkg.com/ms/-/ms-0.7.1.tgz#9cd13c03adbff25b65effde7ce864ee952017098"

node-forge@^0.6.34:
  version "0.6.44"
  resolved "https://registry.yarnpkg.com/node-forge/-/node-forge-0.6.44.tgz#7058595c2d42821c6a3ace6e5a2ec47a24ac8733"

node-forge@0.2.24:
  version "0.2.24"
  resolved "https://registry.yarnpkg.com/node-forge/-/node-forge-0.2.24.tgz#fa6f846f42fa93f63a0a30c9fbff7b4e130e0858"

node-rsa@^0.2.24:
  version "0.2.30"
  resolved "https://registry.yarnpkg.com/node-rsa/-/node-rsa-0.2.30.tgz#8912e2c3b1b64cce6ca783cab1af282b300adee6"
  dependencies:
    asn1 "0.2.3"
    lodash "3.3.0"

node-uuid@^1.4.3:
  version "1.4.7"
  resolved "https://registry.yarnpkg.com/node-uuid/-/node-uuid-1.4.7.tgz#6da5a17668c4b3dd59623bda11cf7fa4c1f60a6f"

should-equal@0.5.0:
  version "0.5.0"
  resolved "https://registry.yarnpkg.com/should-equal/-/should-equal-0.5.0.tgz#c797f135f3067feb69ebecdb306b1c3fe21b3e6f"
  dependencies:
    should-type "0.2.0"

should-format@0.3.1:
  version "0.3.1"
  resolved "https://registry.yarnpkg.com/should-format/-/should-format-0.3.1.tgz#2cbb782461670ace4292b2b1ec468db8cf99e330"
  dependencies:
    should-type "0.2.0"

should-type@0.2.0:
  version "0.2.0"
  resolved "https://registry.yarnpkg.com/should-type/-/should-type-0.2.0.tgz#6707ef95529d989dcc098fe0753ab1f9136bb7f6"

should@^7.0.1:
  version "7.1.1"
  resolved "https://registry.yarnpkg.com/should/-/should-7.1.1.tgz#6464c48b6f7c1e1f18ac0483578fa2dd55c2c6e0"
  dependencies:
    should-equal "0.5.0"
    should-format "0.3.1"
    should-type "0.2.0"

sigmund@~1.0.0:
  version "1.0.1"
  resolved "https://registry.yarnpkg.com/sigmund/-/sigmund-1.0.1.tgz#3ff21f198cad2175f9f3b781853fd94d0d19b590"

supports-color@1.2.0:
  version "1.2.0"
  resolved "https://registry.yarnpkg.com/supports-color/-/supports-color-1.2.0.tgz#ff1ed1e61169d06b3cf2d588e188b18d8847e17e"

to-iso-string@0.0.2:
  version "0.0.2"
  resolved "https://registry.yarnpkg.com/to-iso-string/-/to-iso-string-0.0.2.tgz#4dc19e664dfccbe25bd8db508b00c6da158255d1"

typescript@^2.0.3:
  version "2.0.3"
  resolved "https://registry.yarnpkg.com/typescript/-/typescript-2.0.3.tgz#33dec9eae86b8eee327dd419ca050c853cabd514"

xml-crypto@0.8.2:
  version "0.8.2"
  resolved "https://registry.yarnpkg.com/xml-crypto/-/xml-crypto-0.8.2.tgz#f11c993740ef420c17295441d8bfc07c97a3df33"
  dependencies:
    xmldom "=0.1.19"
    xpath.js ">=0.0.3"

xml-encryption@^0.7.2:
  version "0.7.4"
  resolved "https://registry.yarnpkg.com/xml-encryption/-/xml-encryption-0.7.4.tgz#42791ec64d556d2455dcb9da0a54123665ac65c7"
  dependencies:
    async "~0.2.7"
    ejs "~0.8.3"
    node-forge "0.2.24"
    xmldom "~0.1.15"
    xpath "0.0.5"

xml@^1.0.0:
  version "1.0.1"
  resolved "https://registry.yarnpkg.com/xml/-/xml-1.0.1.tgz#78ba72020029c5bc87b8a81a3cfcd74b4a2fc1e5"

xmldom@^0.1.19, xmldom@~0.1.15:
  version "0.1.22"
  resolved "https://registry.yarnpkg.com/xmldom/-/xmldom-0.1.22.tgz#10de4e5e964981f03c8cc72fadc08d14b6c3aa26"

xmldom@=0.1.19:
  version "0.1.19"
  resolved "https://registry.yarnpkg.com/xmldom/-/xmldom-0.1.19.tgz#631fc07776efd84118bf25171b37ed4d075a0abc"

xpath.js@>=0.0.3:
  version "1.0.6"
  resolved "https://registry.yarnpkg.com/xpath.js/-/xpath.js-1.0.6.tgz#fe4b81c1b152ebd8e1395265fedc5b00fca29b90"

xpath@0.0.5:
  version "0.0.5"
  resolved "https://registry.yarnpkg.com/xpath/-/xpath-0.0.5.tgz#454036f6ef0f3df5af5d4ba4a119fb75674b3e6c"

xpath@0.0.9:
  version "0.0.9"
  resolved "https://registry.yarnpkg.com/xpath/-/xpath-0.0.9.tgz#b39eea1eafbdc8ecdda21ad491c8db40f013fb54"

